
Microsoft Visual Studio Solution File, Format Version 12.00
# Visual Studio 15
VisualStudioVersion = 15.0.28010.2003
MinimumVisualStudioVersion = 10.0.40219.1
Project("{FAE04EC0-301F-11D3-BF4B-00C04F79EFBC}") = "Super_Service", "Super_Service\Super_Service.csproj", "{987BB41C-9933-4F67-9098-668E2D3AD73B}"
EndProject
Global
	GlobalSection(SolutionConfigurationPlatforms) = preSolution
		Debug|Any CPU = Debug|Any CPU
		Release|Any CPU = Release|Any CPU
	EndGlobalSection
	GlobalSection(ProjectConfigurationPlatforms) = postSolution
		{987BB41C-9933-4F67-9098-668E2D3AD73B}.Debug|Any CPU.ActiveCfg = Debug|Any CPU
		{987BB41C-9933-4F67-9098-668E2D3AD73B}.Debug|Any CPU.Build.0 = Debug|Any CPU
		{987BB41C-9933-4F67-9098-668E2D3AD73B}.Release|Any CPU.ActiveCfg = Release|Any CPU
		{987BB41C-9933-4F67-9098-668E2D3AD73B}.Release|Any CPU.Build.0 = Release|Any CPU
	EndGlobalSection
	GlobalSection(SolutionProperties) = preSolution
		HideSolutionNode = FALSE
	EndGlobalSection
	GlobalSection(ExtensibilityGlobals) = postSolution
		SolutionGuid = {ECBE3E69-F08D-4651-B851-EBF992A5863F}
	EndGlobalSection
EndGlobal
